
Microsoft Visual Studio Solution File, Format Version 12.00
# Visual Studio Version 16
VisualStudioVersion = 16.0.30907.101
MinimumVisualStudioVersion = 10.0.40219.1
Project("{FAE04EC0-301F-11D3-BF4B-00C04F79EFBC}") = "Epam.Task1.RECTANGLE", "Epam.Task1.RECTANGLE\Epam.Task1.RECTANGLE.csproj", "{6DFB75D2-6C52-49FB-9D5D-37D259EA3165}"
EndProject
Project("{FAE04EC0-301F-11D3-BF4B-00C04F79EFBC}") = "Epam.Task2.TRIANGLE", "Epam.Task2.TRIANGLE\Epam.Task2.TRIANGLE.csproj", "{03506DBB-B5A8-4919-86B7-C2D89A8D9C4D}"
EndProject
Project("{FAE04EC0-301F-11D3-BF4B-00C04F79EFBC}") = "Epam.Task3.ANOTHER_TRIANGLE", "Epam.Task3.ANOTHER_TRIANGLE\Epam.Task3.ANOTHER_TRIANGLE.csproj", "{65F09E1E-4E38-4823-8223-3D8184C042D4}"
EndProject
Project("{FAE04EC0-301F-11D3-BF4B-00C04F79EFBC}") = "Epam.Task4.X_MAS_TREE", "Epam.Task4.X_MAS_TREE\Epam.Task4.X_MAS_TREE.csproj", "{FDD2E08C-84D8-4DD7-846F-443C395F1330}"
EndProject
Project("{FAE04EC0-301F-11D3-BF4B-00C04F79EFBC}") = "Epam.Task5.SUM_OF_NUMBERS", "Epam.Task5.SUM_OF_NUMBERS\Epam.Task5.SUM_OF_NUMBERS.csproj", "{0F5D55A4-59D3-4823-846F-7F67AD0CEC22}"
EndProject
Project("{FAE04EC0-301F-11D3-BF4B-00C04F79EFBC}") = "Epam.Task6.FONT_ADJUSTMENT", "Epam.Task6.FONT_ADJUSTMENT\Epam.Task6.FONT_ADJUSTMENT.csproj", "{D18CEAAA-21BF-43DF-93B4-A1EC2DBF7FBD}"
EndProject
Project("{FAE04EC0-301F-11D3-BF4B-00C04F79EFBC}") = "Epam.Task7.ARRAY_PROCESSING", "Epam.Task7.ARRAY_PROCESSING\Epam.Task7.ARRAY_PROCESSING.csproj", "{B963CE88-8C58-4448-848B-931CCBED916E}"
EndProject
Project("{FAE04EC0-301F-11D3-BF4B-00C04F79EFBC}") = "Epam.Task8.NO_POSITIVE", "Epam.Task8.NO_POSITIVE\Epam.Task8.NO_POSITIVE.csproj", "{831F52F6-9056-4539-82AB-F36E041119F7}"
EndProject
Project("{FAE04EC0-301F-11D3-BF4B-00C04F79EFBC}") = "Epam.Task9.NON_NEGATIVE_SUM", "Epam.Task9.NON_NEGATIVE_SUM\Epam.Task9.NON_NEGATIVE_SUM.csproj", "{AAFFC56B-E502-4C36-AD43-5F6D6F67FCBF}"
EndProject
Project("{FAE04EC0-301F-11D3-BF4B-00C04F79EFBC}") = "Epam.Task10_2D_ARRAY", "Epam.Task10_2D_ARRAY\Epam.Task10_2D_ARRAY.csproj", "{28521455-3389-4CE4-BC82-C13E4F5A54E4}"
EndProject
Global
	GlobalSection(SolutionConfigurationPlatforms) = preSolution
		Debug|Any CPU = Debug|Any CPU
		Release|Any CPU = Release|Any CPU
	EndGlobalSection
	GlobalSection(ProjectConfigurationPlatforms) = postSolution
		{6DFB75D2-6C52-49FB-9D5D-37D259EA3165}.Debug|Any CPU.ActiveCfg = Debug|Any CPU
		{6DFB75D2-6C52-49FB-9D5D-37D259EA3165}.Debug|Any CPU.Build.0 = Debug|Any CPU
		{6DFB75D2-6C52-49FB-9D5D-37D259EA3165}.Release|Any CPU.ActiveCfg = Release|Any CPU
		{6DFB75D2-6C52-49FB-9D5D-37D259EA3165}.Release|Any CPU.Build.0 = Release|Any CPU
		{03506DBB-B5A8-4919-86B7-C2D89A8D9C4D}.Debug|Any CPU.ActiveCfg = Debug|Any CPU
		{03506DBB-B5A8-4919-86B7-C2D89A8D9C4D}.Debug|Any CPU.Build.0 = Debug|Any CPU
		{03506DBB-B5A8-4919-86B7-C2D89A8D9C4D}.Release|Any CPU.ActiveCfg = Release|Any CPU
		{03506DBB-B5A8-4919-86B7-C2D89A8D9C4D}.Release|Any CPU.Build.0 = Release|Any CPU
		{65F09E1E-4E38-4823-8223-3D8184C042D4}.Debug|Any CPU.ActiveCfg = Debug|Any CPU
		{65F09E1E-4E38-4823-8223-3D8184C042D4}.Debug|Any CPU.Build.0 = Debug|Any CPU
		{65F09E1E-4E38-4823-8223-3D8184C042D4}.Release|Any CPU.ActiveCfg = Release|Any CPU
		{65F09E1E-4E38-4823-8223-3D8184C042D4}.Release|Any CPU.Build.0 = Release|Any CPU
		{FDD2E08C-84D8-4DD7-846F-443C395F1330}.Debug|Any CPU.ActiveCfg = Debug|Any CPU
		{FDD2E08C-84D8-4DD7-846F-443C395F1330}.Debug|Any CPU.Build.0 = Debug|Any CPU
		{FDD2E08C-84D8-4DD7-846F-443C395F1330}.Release|Any CPU.ActiveCfg = Release|Any CPU
		{FDD2E08C-84D8-4DD7-846F-443C395F1330}.Release|Any CPU.Build.0 = Release|Any CPU
		{0F5D55A4-59D3-4823-846F-7F67AD0CEC22}.Debug|Any CPU.ActiveCfg = Debug|Any CPU
		{0F5D55A4-59D3-4823-846F-7F67AD0CEC22}.Debug|Any CPU.Build.0 = Debug|Any CPU
		{0F5D55A4-59D3-4823-846F-7F67AD0CEC22}.Release|Any CPU.ActiveCfg = Release|Any CPU
		{0F5D55A4-59D3-4823-846F-7F67AD0CEC22}.Release|Any CPU.Build.0 = Release|Any CPU
		{D18CEAAA-21BF-43DF-93B4-A1EC2DBF7FBD}.Debug|Any CPU.ActiveCfg = Debug|Any CPU
		{D18CEAAA-21BF-43DF-93B4-A1EC2DBF7FBD}.Debug|Any CPU.Build.0 = Debug|Any CPU
		{D18CEAAA-21BF-43DF-93B4-A1EC2DBF7FBD}.Release|Any CPU.ActiveCfg = Release|Any CPU
		{D18CEAAA-21BF-43DF-93B4-A1EC2DBF7FBD}.Release|Any CPU.Build.0 = Release|Any CPU
		{B963CE88-8C58-4448-848B-931CCBED916E}.Debug|Any CPU.ActiveCfg = Debug|Any CPU
		{B963CE88-8C58-4448-848B-931CCBED916E}.Debug|Any CPU.Build.0 = Debug|Any CPU
		{B963CE88-8C58-4448-848B-931CCBED916E}.Release|Any CPU.ActiveCfg = Release|Any CPU
		{B963CE88-8C58-4448-848B-931CCBED916E}.Release|Any CPU.Build.0 = Release|Any CPU
		{831F52F6-9056-4539-82AB-F36E041119F7}.Debug|Any CPU.ActiveCfg = Debug|Any CPU
		{831F52F6-9056-4539-82AB-F36E041119F7}.Debug|Any CPU.Build.0 = Debug|Any CPU
		{831F52F6-9056-4539-82AB-F36E041119F7}.Release|Any CPU.ActiveCfg = Release|Any CPU
		{831F52F6-9056-4539-82AB-F36E041119F7}.Release|Any CPU.Build.0 = Release|Any CPU
		{AAFFC56B-E502-4C36-AD43-5F6D6F67FCBF}.Debug|Any CPU.ActiveCfg = Debug|Any CPU
		{AAFFC56B-E502-4C36-AD43-5F6D6F67FCBF}.Debug|Any CPU.Build.0 = Debug|Any CPU
		{AAFFC56B-E502-4C36-AD43-5F6D6F67FCBF}.Release|Any CPU.ActiveCfg = Release|Any CPU
		{AAFFC56B-E502-4C36-AD43-5F6D6F67FCBF}.Release|Any CPU.Build.0 = Release|Any CPU
		{28521455-3389-4CE4-BC82-C13E4F5A54E4}.Debug|Any CPU.ActiveCfg = Debug|Any CPU
		{28521455-3389-4CE4-BC82-C13E4F5A54E4}.Debug|Any CPU.Build.0 = Debug|Any CPU
		{28521455-3389-4CE4-BC82-C13E4F5A54E4}.Release|Any CPU.ActiveCfg = Release|Any CPU
		{28521455-3389-4CE4-BC82-C13E4F5A54E4}.Release|Any CPU.Build.0 = Release|Any CPU
	EndGlobalSection
	GlobalSection(SolutionProperties) = preSolution
		HideSolutionNode = FALSE
	EndGlobalSection
	GlobalSection(ExtensibilityGlobals) = postSolution
		SolutionGuid = {3042B5B2-F847-4D91-B1C1-6D180F68108D}
	EndGlobalSection
EndGlobal
